
Microsoft Visual Studio Solution File, Format Version 11.00
# Visual Studio 2010
Project("{FAE04EC0-301F-11D3-BF4B-00C04F79EFBC}") = "Assembly-CSharp", "Assembly-CSharp.csproj", "{b04b5555-5e76-4818-d21c-a9c73bd0b095}"
EndProject
Project("{FAE04EC0-301F-11D3-BF4B-00C04F79EFBC}") = "Assembly-CSharp-Editor-firstpass", "Assembly-CSharp-Editor-firstpass.csproj", "{cec700fa-2dc3-e551-b327-760098076dd6}"
EndProject
Global
	GlobalSection(SolutionConfigurationPlatforms) = preSolution
		Debug|Any CPU = Debug|Any CPU
	EndGlobalSection
	GlobalSection(ProjectConfigurationPlatforms) = postSolution
		{b04b5555-5e76-4818-d21c-a9c73bd0b095}.Debug|Any CPU.ActiveCfg = Debug|Any CPU
		{b04b5555-5e76-4818-d21c-a9c73bd0b095}.Debug|Any CPU.Build.0 = Debug|Any CPU
		{cec700fa-2dc3-e551-b327-760098076dd6}.Debug|Any CPU.ActiveCfg = Debug|Any CPU
		{cec700fa-2dc3-e551-b327-760098076dd6}.Debug|Any CPU.Build.0 = Debug|Any CPU
	EndGlobalSection
	GlobalSection(SolutionProperties) = preSolution
		HideSolutionNode = FALSE
	EndGlobalSection
EndGlobal
